{
  "name": "uwebsockets-node-benchmark",
  "lockfileVersion": 3,
  "requires": true,
  "packages": {
    "": {
      "name": "uwebsockets-node-benchmark",
      "dependencies": {
        "uWebSockets.js": "git+https://github.com/uNetworking/uWebSockets.js.git#v20.64.0"
      }
    },
    "node_modules/uWebSockets.js": {
      "version": "20.64.0",
      "resolved": "git+https://github.com/uNetworking/uWebSockets.js.git#09c62a4f6dd5fa2e8103f7409949e9eff53ba4ca",
      "license": "Apache-2.0"
    }
  }
}
